
Microsoft Visual Studio Solution File, Format Version 12.00
# Visual Studio Version 17
VisualStudioVersion = 17.11.35327.3
MinimumVisualStudioVersion = 10.0.40219.1
Project("{FAE04EC0-301F-11D3-BF4B-00C04F79EFBC}") = "PageAdmin", "PageAdmin\PageAdmin.csproj", "{53EAA338-D9FD-452F-9DA0-377DB9425243}"
EndProject
Global
	GlobalSection(SolutionConfigurationPlatforms) = preSolution
		Debug|Any CPU = Debug|Any CPU
		Release|Any CPU = Release|Any CPU
	EndGlobalSection
	GlobalSection(ProjectConfigurationPlatforms) = postSolution
		{53EAA338-D9FD-452F-9DA0-377DB9425243}.Debug|Any CPU.ActiveCfg = Debug|Any CPU
		{53EAA338-D9FD-452F-9DA0-377DB9425243}.Debug|Any CPU.Build.0 = Debug|Any CPU
		{53EAA338-D9FD-452F-9DA0-377DB9425243}.Release|Any CPU.ActiveCfg = Release|Any CPU
		{53EAA338-D9FD-452F-9DA0-377DB9425243}.Release|Any CPU.Build.0 = Release|Any CPU
	EndGlobalSection
	GlobalSection(SolutionProperties) = preSolution
		HideSolutionNode = FALSE
	EndGlobalSection
	GlobalSection(ExtensibilityGlobals) = postSolution
		SolutionGuid = {09AEC213-C098-47B1-A23F-25C25F59A221}
	EndGlobalSection
EndGlobal
